
Microsoft Visual Studio Solution File, Format Version 12.00
# Visual Studio Version 17
VisualStudioVersion = 17.4.33213.308
MinimumVisualStudioVersion = 10.0.40219.1
Project("{FAE04EC0-301F-11D3-BF4B-00C04F79EFBC}") = "website", "website\website.csproj", "{D330A1B1-979B-4284-B97D-71A85C5757F1}"
EndProject
Global
	GlobalSection(SolutionConfigurationPlatforms) = preSolution
		Debug|Any CPU = Debug|Any CPU
		Release|Any CPU = Release|Any CPU
	EndGlobalSection
	GlobalSection(ProjectConfigurationPlatforms) = postSolution
		{D330A1B1-979B-4284-B97D-71A85C5757F1}.Debug|Any CPU.ActiveCfg = Debug|Any CPU
		{D330A1B1-979B-4284-B97D-71A85C5757F1}.Debug|Any CPU.Build.0 = Debug|Any CPU
		{D330A1B1-979B-4284-B97D-71A85C5757F1}.Release|Any CPU.ActiveCfg = Release|Any CPU
		{D330A1B1-979B-4284-B97D-71A85C5757F1}.Release|Any CPU.Build.0 = Release|Any CPU
	EndGlobalSection
	GlobalSection(SolutionProperties) = preSolution
		HideSolutionNode = FALSE
	EndGlobalSection
	GlobalSection(ExtensibilityGlobals) = postSolution
		SolutionGuid = {549C2F6C-E480-440C-9222-A3B62273FDAD}
	EndGlobalSection
EndGlobal
